<?xml version="1.0" encoding="utf-8"?>
<Project ToolsVersion="4.0" xmlns="http://schemas.microsoft.com/developer/msbuild/2003">
  <ItemGroup>
    <Filter Include="资源文件">
      <UniqueIdentifier>{67DA6AB6-F800-4c08-8B7A-83BB121AAD01}</UniqueIdentifier>
      <Extensions>rc;ico;cur;bmp;dlg;rc2;rct;bin;rgs;gif;jpg;jpeg;jpe;resx;tiff;tif;png;wav;mfcribbon-ms</Extensions>
    </Filter>
    <Filter Include="源文件">
      <UniqueIdentifier>{de517371-aaa8-42f0-b4e0-acffebae3cfe}</UniqueIdentifier>
    </Filter>
    <Filter Include="头文件">
      <UniqueIdentifier>{f775be9d-daa7-4c1f-bdf1-d48aa0252c56}</UniqueIdentifier>
    </Filter>
  </ItemGroup>
  <ItemGroup>
    <ResourceCompile Include="EditBox.rc">
      <Filter>资源文件</Filter>
    </ResourceCompile>
  </ItemGroup>
  <ItemGroup>
    <Image Include="small.ico">
      <Filter>资源文件</Filter>
    </Image>
    <Image Include="EditBox.ico">
      <Filter>资源文件</Filter>
    </Image>
  </ItemGroup>
  <ItemGroup>
    <ClCompile Include="debug.cpp">
      <Filter>源文件</Filter>
    </ClCompile>
    <ClCompile Include="gui.cpp">
      <Filter>源文件</Filter>
    </ClCompile>
    <ClCompile Include="helpdocument.cpp">
      <Filter>源文件</Filter>
    </ClCompile>
    <ClCompile Include="io.cpp">
      <Filter>源文件</Filter>
    </ClCompile>
    <ClCompile Include="kernel.cpp">
      <Filter>源文件</Filter>
    </ClCompile>
    <ClCompile Include="miniword.cpp">
      <Filter>源文件</Filter>
    </ClCompile>
    <ClCompile Include="record.cpp">
      <Filter>源文件</Filter>
    </ClCompile>
    <ClCompile Include="timer.cpp">
      <Filter>源文件</Filter>
    </ClCompile>
    <ClCompile Include="api.cpp">
      <Filter>源文件</Filter>
    </ClCompile>
    <ClCompile Include="cline.cpp">
      <Filter>源文件</Filter>
    </ClCompile>
    <ClCompile Include="ctext.cpp">
      <Filter>源文件</Filter>
    </ClCompile>
    <ClCompile Include="cursor.cpp">
      <Filter>源文件</Filter>
    </ClCompile>
  </ItemGroup>
  <ItemGroup>
    <ClInclude Include="debug.h">
      <Filter>头文件</Filter>
    </ClInclude>
    <ClInclude Include="miniword.h">
      <Filter>头文件</Filter>
    </ClInclude>
    <ClInclude Include="record.h">
      <Filter>头文件</Filter>
    </ClInclude>
    <ClInclude Include="resource.h">
      <Filter>头文件</Filter>
    </ClInclude>
    <ClInclude Include="targetver.h">
      <Filter>头文件</Filter>
    </ClInclude>
    <ClInclude Include="stdafx.h">
      <Filter>头文件</Filter>
    </ClInclude>
    <ClInclude Include="myexception.h">
      <Filter>头文件</Filter>
    </ClInclude>
    <ClInclude Include="api.h">
      <Filter>头文件</Filter>
    </ClInclude>
  </ItemGroup>
</Project>